
Microsoft Visual Studio Solution File, Format Version 12.00
# Visual Studio Version 17
VisualStudioVersion = 17.9.34616.47
MinimumVisualStudioVersion = 10.0.40219.1
Project("{FAE04EC0-301F-11D3-BF4B-00C04F79EFBC}") = "GUI_ECommerceBooks", "GUI_ECommerceBooks\GUI_ECommerceBooks.csproj", "{3408C30D-DC67-4FF6-8BAD-83D57C9A259B}"
EndProject
Project("{FAE04EC0-301F-11D3-BF4B-00C04F79EFBC}") = "DB_ECommerceBooks", "DB_ECommerceBooks\DB_ECommerceBooks.csproj", "{5CF89C2E-D97B-4E91-92EB-D1D985E1DF75}"
EndProject
Project("{2150E333-8FDC-42A3-9474-1A3956D46DE8}") = "Solution Items", "Solution Items", "{CC7733AD-510F-4B84-B613-A3653CBAAF15}"
	ProjectSection(SolutionItems) = preProject
		.gitignore = .gitignore
		README.md = README.md
	EndProjectSection
EndProject
Project("{FAE04EC0-301F-11D3-BF4B-00C04F79EFBC}") = "UC_ECommerceBooks", "UC_ECommerceBooks\UC_ECommerceBooks.csproj", "{46FE70F5-CD27-4E0A-80A2-DD4D7B1AFC2B}"
EndProject
Global
	GlobalSection(SolutionConfigurationPlatforms) = preSolution
		Debug|Any CPU = Debug|Any CPU
		Release|Any CPU = Release|Any CPU
	EndGlobalSection
	GlobalSection(ProjectConfigurationPlatforms) = postSolution
		{3408C30D-DC67-4FF6-8BAD-83D57C9A259B}.Debug|Any CPU.ActiveCfg = Debug|Any CPU
		{3408C30D-DC67-4FF6-8BAD-83D57C9A259B}.Debug|Any CPU.Build.0 = Debug|Any CPU
		{3408C30D-DC67-4FF6-8BAD-83D57C9A259B}.Release|Any CPU.ActiveCfg = Release|Any CPU
		{3408C30D-DC67-4FF6-8BAD-83D57C9A259B}.Release|Any CPU.Build.0 = Release|Any CPU
		{5CF89C2E-D97B-4E91-92EB-D1D985E1DF75}.Debug|Any CPU.ActiveCfg = Debug|Any CPU
		{5CF89C2E-D97B-4E91-92EB-D1D985E1DF75}.Debug|Any CPU.Build.0 = Debug|Any CPU
		{5CF89C2E-D97B-4E91-92EB-D1D985E1DF75}.Release|Any CPU.ActiveCfg = Release|Any CPU
		{5CF89C2E-D97B-4E91-92EB-D1D985E1DF75}.Release|Any CPU.Build.0 = Release|Any CPU
		{46FE70F5-CD27-4E0A-80A2-DD4D7B1AFC2B}.Debug|Any CPU.ActiveCfg = Debug|Any CPU
		{46FE70F5-CD27-4E0A-80A2-DD4D7B1AFC2B}.Debug|Any CPU.Build.0 = Debug|Any CPU
		{46FE70F5-CD27-4E0A-80A2-DD4D7B1AFC2B}.Release|Any CPU.ActiveCfg = Release|Any CPU
		{46FE70F5-CD27-4E0A-80A2-DD4D7B1AFC2B}.Release|Any CPU.Build.0 = Release|Any CPU
	EndGlobalSection
	GlobalSection(SolutionProperties) = preSolution
		HideSolutionNode = FALSE
	EndGlobalSection
	GlobalSection(ExtensibilityGlobals) = postSolution
		SolutionGuid = {0FCFF005-E8DE-44C1-9E33-F908FBB43880}
	EndGlobalSection
EndGlobal
